
Microsoft Visual Studio Solution File, Format Version 12.00
# Visual Studio Version 17
VisualStudioVersion = 17.14.36915.13
MinimumVisualStudioVersion = 10.0.40219.1
Project("{2150E333-8FDC-42A3-9474-1A3956D46DE8}") = "Chapter00", "Chapter00", "{DDB4EF12-CC4E-5E88-E6FC-71A802F4DE97}"
EndProject
Project("{FAE04EC0-301F-11D3-BF4B-00C04F79EFBC}") = "Sample0416", "Chapter00\Sample0416\Sample0416.csproj", "{0079BE22-90BF-4F30-8CC2-2A3E74AFA21B}"
EndProject
Project("{FAE04EC0-301F-11D3-BF4B-00C04F79EFBC}") = "Sample0415", "Chapter00\Sample0415\Sample0415\Sample0415.csproj", "{D0F00D84-AD20-C5D6-67FE-85D6CB59A7CE}"
EndProject
Project("{FAE04EC0-301F-11D3-BF4B-00C04F79EFBC}") = "Sample0413", "Chapter00\Sample0413\Sample0413\Sample0413.csproj", "{EB11C1AF-3BBE-9D8B-B13B-CEF382F22312}"
EndProject
Project("{2150E333-8FDC-42A3-9474-1A3956D46DE8}") = "Chapter01", "Chapter01", "{9A8D42D5-3AED-423D-A9F4-9C2264A3B93F}"
EndProject
Project("{2150E333-8FDC-42A3-9474-1A3956D46DE8}") = "Chapter02", "Chapter02", "{9A95A7A9-D672-431A-AAF7-684CB528765C}"
EndProject
Project("{2150E333-8FDC-42A3-9474-1A3956D46DE8}") = "距離換算プログラム", "距離換算プログラム", "{0C706A6F-344C-4744-BAFF-5139A37E83F5}"
EndProject
Project("{FAE04EC0-301F-11D3-BF4B-00C04F79EFBC}") = "DistanceConverter", "Chapter02\距離換算プログラム\DistanceConverter\DistanceConverter.csproj", "{3A3F3CAB-3F48-4045-BC83-C307803B6EEE}"
EndProject
Project("{2150E333-8FDC-42A3-9474-1A3956D46DE8}") = "Chapter04", "Chapter04", "{FB959134-6D0E-4FBA-BDB0-BB38E4688B06}"
EndProject
Project("{2150E333-8FDC-42A3-9474-1A3956D46DE8}") = "P108_文字列を数値に変換する", "P108_文字列を数値に変換する", "{42C9DA75-56F4-4FA6-ADD1-857F3ACBC0A0}"
EndProject
Project("{FAE04EC0-301F-11D3-BF4B-00C04F79EFBC}") = "Code4_36", "Chapter04\文字列を数値に変換する\Code4_36\Code4_36.csproj", "{6C24BC83-0F20-451A-B212-055AF3E730F8}"
EndProject
Project("{2150E333-8FDC-42A3-9474-1A3956D46DE8}") = "売り上げ集計プログラム", "売り上げ集計プログラム", "{8CA3BCFE-E985-41A8-BD76-9ACC051360CE}"
EndProject
Project("{FAE04EC0-301F-11D3-BF4B-00C04F79EFBC}") = "SalesCalculator", "Chapter02\売り上げ集計プログラム\SalesCalculator\SalesCalculator.csproj", "{933BC6DE-E3A1-4FBB-A325-19C9F24844F0}"
EndProject
Project("{2150E333-8FDC-42A3-9474-1A3956D46DE8}") = "演習問題", "演習問題", "{259865FD-A26C-4AA8-8168-F95434622E5F}"
EndProject
Project("{FAE04EC0-301F-11D3-BF4B-00C04F79EFBC}") = "Exercise01", "Chapter02\演習問題\Exercise01\Exercise01.csproj", "{F98B4BEB-519C-4AF1-967E-B918DBC48E7C}"
EndProject
Project("{FAE04EC0-301F-11D3-BF4B-00C04F79EFBC}") = "Exercise02", "Chapter02\演習問題\Exercise02\Exercise02.csproj", "{5C9364AE-60B4-4D0D-8F07-A1D8AC951222}"
EndProject
Project("{2150E333-8FDC-42A3-9474-1A3956D46DE8}") = "Chapter03", "Chapter03", "{D0A61829-A31F-4289-9817-03A71DEA39B5}"
EndProject
Project("{2150E333-8FDC-42A3-9474-1A3956D46DE8}") = "ラムダ式とLINQ", "ラムダ式とLINQ", "{23ABF46C-A9CA-4193-AEC3-9D9D55A80986}"
EndProject
Project("{FAE04EC0-301F-11D3-BF4B-00C04F79EFBC}") = "Section01", "Chapter03\ラムダ式とLINQ\Section01\Section01.csproj", "{B10B33A5-A928-4774-A380-35A136628BA4}"
EndProject
Project("{FAE04EC0-301F-11D3-BF4B-00C04F79EFBC}") = "Section04", "Chapter03\ラムダ式とLINQ\Section04\Section04.csproj", "{9E36E015-C261-4EFC-9DD3-729CAB60CA12}"
EndProject
Project("{2150E333-8FDC-42A3-9474-1A3956D46DE8}") = "演習問題", "演習問題", "{A2129450-8B64-4758-973B-3FC5E201C5EB}"
EndProject
Project("{FAE04EC0-301F-11D3-BF4B-00C04F79EFBC}") = "Exercise01", "Chapter03\演習問題\Exercise01\Exercise01.csproj", "{D6C8DE31-FD86-4E35-AC10-5AF614205E29}"
EndProject
Project("{FAE04EC0-301F-11D3-BF4B-00C04F79EFBC}") = "Exercise02", "Chapter03\演習問題\Exercise02\Exercise02.csproj", "{9661600F-9E2E-EC39-AFA2-64DBC15CE967}"
EndProject
Project("{2150E333-8FDC-42A3-9474-1A3956D46DE8}") = "P098_nullに関するイディオム", "P098_nullに関するイディオム", "{16E81C5C-2373-497E-A79F-F8290361B974}"
EndProject
Project("{FAE04EC0-301F-11D3-BF4B-00C04F79EFBC}") = "Section04", "Chapter04\nullに関するイディオム\Section04\Section04.csproj", "{8656B678-9598-493E-BC56-6DB7BC22237E}"
EndProject
Project("{2150E333-8FDC-42A3-9474-1A3956D46DE8}") = "演習問題", "演習問題", "{4E066AFA-4D39-40E8-9C02-0CFE02E1355B}"
EndProject
Project("{FAE04EC0-301F-11D3-BF4B-00C04F79EFBC}") = "Exercise01", "Chapter04\演習問題\Exercise01\Exercise01.csproj", "{B0C69A01-6718-4B9D-B9E1-410E8B14C52B}"
EndProject
Project("{FAE04EC0-301F-11D3-BF4B-00C04F79EFBC}") = "Exercise02", "Chapter04\演習問題\Exercise02\Exercise02\Exercise02.csproj", "{A6397A64-9AEA-C976-C282-F05046F2AA1C}"
EndProject
Project("{2150E333-8FDC-42A3-9474-1A3956D46DE8}") = "Chapter05", "Chapter05", "{1289A28E-87DD-4285-9FFF-81D4B7611A34}"
EndProject
Project("{2150E333-8FDC-42A3-9474-1A3956D46DE8}") = "プロパティに関するイディオム", "プロパティに関するイディオム", "{5E3B3215-1C82-448C-9BD2-1CF523E61564}"
EndProject
Project("{FAE04EC0-301F-11D3-BF4B-00C04F79EFBC}") = "Section01", "Chapter05\プロパティに関するイディオム\Section01\Section01.csproj", "{430FE6F0-3166-49BF-AEE9-FD491AC77422}"
EndProject
Project("{2150E333-8FDC-42A3-9474-1A3956D46DE8}") = "メソッドに関するイディオム", "メソッドに関するイディオム", "{B388590F-C233-4763-95C8-CA258816D1E2}"
EndProject
Project("{FAE04EC0-301F-11D3-BF4B-00C04F79EFBC}") = "Section02", "Chapter05\メソッドに関するイディオム\Section02\Section02.csproj", "{C4C6B7AA-B7E2-47DD-AFF6-B9578904403F}"
EndProject
Project("{2150E333-8FDC-42A3-9474-1A3956D46DE8}") = "演習問題", "演習問題", "{7A8FDE1C-D962-4A62-851A-6AD4E9BCEDB0}"
EndProject
Project("{FAE04EC0-301F-11D3-BF4B-00C04F79EFBC}") = "Exercise01", "Chapter05\演習問題\Exercise01\Exercise01.csproj", "{8107D2D5-2972-4690-92F3-44772F6976B4}"
EndProject
Project("{FAE04EC0-301F-11D3-BF4B-00C04F79EFBC}") = "Exercise02", "Chapter05\演習問題\Exercise02\Exercise02.csproj", "{A3ACA33D-6226-7668-2993-2FC9EA8C783B}"
EndProject
Project("{FAE04EC0-301F-11D3-BF4B-00C04F79EFBC}") = "Exercise03", "Chapter05\演習問題\Exercise03\Exercise03.csproj", "{D10D9C10-3B43-48C3-B700-21F4A5279DAE}"
EndProject
Project("{2150E333-8FDC-42A3-9474-1A3956D46DE8}") = "Chapter06", "Chapter06", "{78EE358E-26C6-424A-BD0A-C3EB1FDF36C3}"
EndProject
Project("{2150E333-8FDC-42A3-9474-1A3956D46DE8}") = "文字列の比較", "文字列の比較", "{BE64DEBF-A7AE-4CC3-918A-29D2CFC30288}"
EndProject
Project("{FAE04EC0-301F-11D3-BF4B-00C04F79EFBC}") = "Section01", "Chapter06\文字列の比較\Section01\Section01.csproj", "{4930B1B2-DBF9-4D85-B799-7F8915E81F84}"
EndProject
Project("{2150E333-8FDC-42A3-9474-1A3956D46DE8}") = "演習問題", "演習問題", "{F1EED93B-E663-4E74-8162-713452B61FFB}"
EndProject
Project("{FAE04EC0-301F-11D3-BF4B-00C04F79EFBC}") = "Exercise01", "Chapter06\演習問題\Exercise01\Exercise01.csproj", "{3C3007BD-8679-4477-B17F-E1185DB105D1}"
EndProject
Global
	GlobalSection(SolutionConfigurationPlatforms) = preSolution
		Debug|Any CPU = Debug|Any CPU
		Release|Any CPU = Release|Any CPU
	EndGlobalSection
	GlobalSection(ProjectConfigurationPlatforms) = postSolution
		{0079BE22-90BF-4F30-8CC2-2A3E74AFA21B}.Debug|Any CPU.ActiveCfg = Debug|Any CPU
		{0079BE22-90BF-4F30-8CC2-2A3E74AFA21B}.Debug|Any CPU.Build.0 = Debug|Any CPU
		{0079BE22-90BF-4F30-8CC2-2A3E74AFA21B}.Release|Any CPU.ActiveCfg = Release|Any CPU
		{0079BE22-90BF-4F30-8CC2-2A3E74AFA21B}.Release|Any CPU.Build.0 = Release|Any CPU
		{D0F00D84-AD20-C5D6-67FE-85D6CB59A7CE}.Debug|Any CPU.ActiveCfg = Debug|Any CPU
		{D0F00D84-AD20-C5D6-67FE-85D6CB59A7CE}.Debug|Any CPU.Build.0 = Debug|Any CPU
		{D0F00D84-AD20-C5D6-67FE-85D6CB59A7CE}.Release|Any CPU.ActiveCfg = Release|Any CPU
		{D0F00D84-AD20-C5D6-67FE-85D6CB59A7CE}.Release|Any CPU.Build.0 = Release|Any CPU
		{EB11C1AF-3BBE-9D8B-B13B-CEF382F22312}.Debug|Any CPU.ActiveCfg = Debug|Any CPU
		{EB11C1AF-3BBE-9D8B-B13B-CEF382F22312}.Debug|Any CPU.Build.0 = Debug|Any CPU
		{EB11C1AF-3BBE-9D8B-B13B-CEF382F22312}.Release|Any CPU.ActiveCfg = Release|Any CPU
		{EB11C1AF-3BBE-9D8B-B13B-CEF382F22312}.Release|Any CPU.Build.0 = Release|Any CPU
		{3A3F3CAB-3F48-4045-BC83-C307803B6EEE}.Debug|Any CPU.ActiveCfg = Debug|Any CPU
		{3A3F3CAB-3F48-4045-BC83-C307803B6EEE}.Debug|Any CPU.Build.0 = Debug|Any CPU
		{3A3F3CAB-3F48-4045-BC83-C307803B6EEE}.Release|Any CPU.ActiveCfg = Release|Any CPU
		{3A3F3CAB-3F48-4045-BC83-C307803B6EEE}.Release|Any CPU.Build.0 = Release|Any CPU
		{6C24BC83-0F20-451A-B212-055AF3E730F8}.Debug|Any CPU.ActiveCfg = Debug|Any CPU
		{6C24BC83-0F20-451A-B212-055AF3E730F8}.Debug|Any CPU.Build.0 = Debug|Any CPU
		{6C24BC83-0F20-451A-B212-055AF3E730F8}.Release|Any CPU.ActiveCfg = Release|Any CPU
		{6C24BC83-0F20-451A-B212-055AF3E730F8}.Release|Any CPU.Build.0 = Release|Any CPU
		{933BC6DE-E3A1-4FBB-A325-19C9F24844F0}.Debug|Any CPU.ActiveCfg = Debug|Any CPU
		{933BC6DE-E3A1-4FBB-A325-19C9F24844F0}.Debug|Any CPU.Build.0 = Debug|Any CPU
		{933BC6DE-E3A1-4FBB-A325-19C9F24844F0}.Release|Any CPU.ActiveCfg = Release|Any CPU
		{933BC6DE-E3A1-4FBB-A325-19C9F24844F0}.Release|Any CPU.Build.0 = Release|Any CPU
		{F98B4BEB-519C-4AF1-967E-B918DBC48E7C}.Debug|Any CPU.ActiveCfg = Debug|Any CPU
		{F98B4BEB-519C-4AF1-967E-B918DBC48E7C}.Debug|Any CPU.Build.0 = Debug|Any CPU
		{F98B4BEB-519C-4AF1-967E-B918DBC48E7C}.Release|Any CPU.ActiveCfg = Release|Any CPU
		{F98B4BEB-519C-4AF1-967E-B918DBC48E7C}.Release|Any CPU.Build.0 = Release|Any CPU
		{5C9364AE-60B4-4D0D-8F07-A1D8AC951222}.Debug|Any CPU.ActiveCfg = Debug|Any CPU
		{5C9364AE-60B4-4D0D-8F07-A1D8AC951222}.Debug|Any CPU.Build.0 = Debug|Any CPU
		{5C9364AE-60B4-4D0D-8F07-A1D8AC951222}.Release|Any CPU.ActiveCfg = Release|Any CPU
		{5C9364AE-60B4-4D0D-8F07-A1D8AC951222}.Release|Any CPU.Build.0 = Release|Any CPU
		{B10B33A5-A928-4774-A380-35A136628BA4}.Debug|Any CPU.ActiveCfg = Debug|Any CPU
		{B10B33A5-A928-4774-A380-35A136628BA4}.Debug|Any CPU.Build.0 = Debug|Any CPU
		{B10B33A5-A928-4774-A380-35A136628BA4}.Release|Any CPU.ActiveCfg = Release|Any CPU
		{B10B33A5-A928-4774-A380-35A136628BA4}.Release|Any CPU.Build.0 = Release|Any CPU
		{9E36E015-C261-4EFC-9DD3-729CAB60CA12}.Debug|Any CPU.ActiveCfg = Debug|Any CPU
		{9E36E015-C261-4EFC-9DD3-729CAB60CA12}.Debug|Any CPU.Build.0 = Debug|Any CPU
		{9E36E015-C261-4EFC-9DD3-729CAB60CA12}.Release|Any CPU.ActiveCfg = Release|Any CPU
		{9E36E015-C261-4EFC-9DD3-729CAB60CA12}.Release|Any CPU.Build.0 = Release|Any CPU
		{D6C8DE31-FD86-4E35-AC10-5AF614205E29}.Debug|Any CPU.ActiveCfg = Debug|Any CPU
		{D6C8DE31-FD86-4E35-AC10-5AF614205E29}.Debug|Any CPU.Build.0 = Debug|Any CPU
		{D6C8DE31-FD86-4E35-AC10-5AF614205E29}.Release|Any CPU.ActiveCfg = Release|Any CPU
		{D6C8DE31-FD86-4E35-AC10-5AF614205E29}.Release|Any CPU.Build.0 = Release|Any CPU
		{9661600F-9E2E-EC39-AFA2-64DBC15CE967}.Debug|Any CPU.ActiveCfg = Debug|Any CPU
		{9661600F-9E2E-EC39-AFA2-64DBC15CE967}.Debug|Any CPU.Build.0 = Debug|Any CPU
		{9661600F-9E2E-EC39-AFA2-64DBC15CE967}.Release|Any CPU.ActiveCfg = Release|Any CPU
		{9661600F-9E2E-EC39-AFA2-64DBC15CE967}.Release|Any CPU.Build.0 = Release|Any CPU
		{8656B678-9598-493E-BC56-6DB7BC22237E}.Debug|Any CPU.ActiveCfg = Debug|Any CPU
		{8656B678-9598-493E-BC56-6DB7BC22237E}.Debug|Any CPU.Build.0 = Debug|Any CPU
		{8656B678-9598-493E-BC56-6DB7BC22237E}.Release|Any CPU.ActiveCfg = Release|Any CPU
		{8656B678-9598-493E-BC56-6DB7BC22237E}.Release|Any CPU.Build.0 = Release|Any CPU
		{B0C69A01-6718-4B9D-B9E1-410E8B14C52B}.Debug|Any CPU.ActiveCfg = Debug|Any CPU
		{B0C69A01-6718-4B9D-B9E1-410E8B14C52B}.Debug|Any CPU.Build.0 = Debug|Any CPU
		{B0C69A01-6718-4B9D-B9E1-410E8B14C52B}.Release|Any CPU.ActiveCfg = Release|Any CPU
		{B0C69A01-6718-4B9D-B9E1-410E8B14C52B}.Release|Any CPU.Build.0 = Release|Any CPU
		{A6397A64-9AEA-C976-C282-F05046F2AA1C}.Debug|Any CPU.ActiveCfg = Debug|Any CPU
		{A6397A64-9AEA-C976-C282-F05046F2AA1C}.Debug|Any CPU.Build.0 = Debug|Any CPU
		{A6397A64-9AEA-C976-C282-F05046F2AA1C}.Release|Any CPU.ActiveCfg = Release|Any CPU
		{A6397A64-9AEA-C976-C282-F05046F2AA1C}.Release|Any CPU.Build.0 = Release|Any CPU
		{430FE6F0-3166-49BF-AEE9-FD491AC77422}.Debug|Any CPU.ActiveCfg = Debug|Any CPU
		{430FE6F0-3166-49BF-AEE9-FD491AC77422}.Debug|Any CPU.Build.0 = Debug|Any CPU
		{430FE6F0-3166-49BF-AEE9-FD491AC77422}.Release|Any CPU.ActiveCfg = Release|Any CPU
		{430FE6F0-3166-49BF-AEE9-FD491AC77422}.Release|Any CPU.Build.0 = Release|Any CPU
		{C4C6B7AA-B7E2-47DD-AFF6-B9578904403F}.Debug|Any CPU.ActiveCfg = Debug|Any CPU
		{C4C6B7AA-B7E2-47DD-AFF6-B9578904403F}.Debug|Any CPU.Build.0 = Debug|Any CPU
		{C4C6B7AA-B7E2-47DD-AFF6-B9578904403F}.Release|Any CPU.ActiveCfg = Release|Any CPU
		{C4C6B7AA-B7E2-47DD-AFF6-B9578904403F}.Release|Any CPU.Build.0 = Release|Any CPU
		{8107D2D5-2972-4690-92F3-44772F6976B4}.Debug|Any CPU.ActiveCfg = Debug|Any CPU
		{8107D2D5-2972-4690-92F3-44772F6976B4}.Debug|Any CPU.Build.0 = Debug|Any CPU
		{8107D2D5-2972-4690-92F3-44772F6976B4}.Release|Any CPU.ActiveCfg = Release|Any CPU
		{8107D2D5-2972-4690-92F3-44772F6976B4}.Release|Any CPU.Build.0 = Release|Any CPU
		{A3ACA33D-6226-7668-2993-2FC9EA8C783B}.Debug|Any CPU.ActiveCfg = Debug|Any CPU
		{A3ACA33D-6226-7668-2993-2FC9EA8C783B}.Debug|Any CPU.Build.0 = Debug|Any CPU
		{A3ACA33D-6226-7668-2993-2FC9EA8C783B}.Release|Any CPU.ActiveCfg = Release|Any CPU
		{A3ACA33D-6226-7668-2993-2FC9EA8C783B}.Release|Any CPU.Build.0 = Release|Any CPU
		{D10D9C10-3B43-48C3-B700-21F4A5279DAE}.Debug|Any CPU.ActiveCfg = Debug|Any CPU
		{D10D9C10-3B43-48C3-B700-21F4A5279DAE}.Debug|Any CPU.Build.0 = Debug|Any CPU
		{D10D9C10-3B43-48C3-B700-21F4A5279DAE}.Release|Any CPU.ActiveCfg = Release|Any CPU
		{D10D9C10-3B43-48C3-B700-21F4A5279DAE}.Release|Any CPU.Build.0 = Release|Any CPU
		{4930B1B2-DBF9-4D85-B799-7F8915E81F84}.Debug|Any CPU.ActiveCfg = Debug|Any CPU
		{4930B1B2-DBF9-4D85-B799-7F8915E81F84}.Debug|Any CPU.Build.0 = Debug|Any CPU
		{4930B1B2-DBF9-4D85-B799-7F8915E81F84}.Release|Any CPU.ActiveCfg = Release|Any CPU
		{4930B1B2-DBF9-4D85-B799-7F8915E81F84}.Release|Any CPU.Build.0 = Release|Any CPU
		{3C3007BD-8679-4477-B17F-E1185DB105D1}.Debug|Any CPU.ActiveCfg = Debug|Any CPU
		{3C3007BD-8679-4477-B17F-E1185DB105D1}.Debug|Any CPU.Build.0 = Debug|Any CPU
		{3C3007BD-8679-4477-B17F-E1185DB105D1}.Release|Any CPU.ActiveCfg = Release|Any CPU
		{3C3007BD-8679-4477-B17F-E1185DB105D1}.Release|Any CPU.Build.0 = Release|Any CPU
	EndGlobalSection
	GlobalSection(SolutionProperties) = preSolution
		HideSolutionNode = FALSE
	EndGlobalSection
	GlobalSection(NestedProjects) = preSolution
		{0079BE22-90BF-4F30-8CC2-2A3E74AFA21B} = {DDB4EF12-CC4E-5E88-E6FC-71A802F4DE97}
		{D0F00D84-AD20-C5D6-67FE-85D6CB59A7CE} = {DDB4EF12-CC4E-5E88-E6FC-71A802F4DE97}
		{EB11C1AF-3BBE-9D8B-B13B-CEF382F22312} = {DDB4EF12-CC4E-5E88-E6FC-71A802F4DE97}
		{0C706A6F-344C-4744-BAFF-5139A37E83F5} = {9A95A7A9-D672-431A-AAF7-684CB528765C}
		{3A3F3CAB-3F48-4045-BC83-C307803B6EEE} = {0C706A6F-344C-4744-BAFF-5139A37E83F5}
		{42C9DA75-56F4-4FA6-ADD1-857F3ACBC0A0} = {FB959134-6D0E-4FBA-BDB0-BB38E4688B06}
		{6C24BC83-0F20-451A-B212-055AF3E730F8} = {42C9DA75-56F4-4FA6-ADD1-857F3ACBC0A0}
		{8CA3BCFE-E985-41A8-BD76-9ACC051360CE} = {9A95A7A9-D672-431A-AAF7-684CB528765C}
		{933BC6DE-E3A1-4FBB-A325-19C9F24844F0} = {8CA3BCFE-E985-41A8-BD76-9ACC051360CE}
		{259865FD-A26C-4AA8-8168-F95434622E5F} = {9A95A7A9-D672-431A-AAF7-684CB528765C}
		{F98B4BEB-519C-4AF1-967E-B918DBC48E7C} = {259865FD-A26C-4AA8-8168-F95434622E5F}
		{5C9364AE-60B4-4D0D-8F07-A1D8AC951222} = {259865FD-A26C-4AA8-8168-F95434622E5F}
		{23ABF46C-A9CA-4193-AEC3-9D9D55A80986} = {D0A61829-A31F-4289-9817-03A71DEA39B5}
		{B10B33A5-A928-4774-A380-35A136628BA4} = {23ABF46C-A9CA-4193-AEC3-9D9D55A80986}
		{9E36E015-C261-4EFC-9DD3-729CAB60CA12} = {23ABF46C-A9CA-4193-AEC3-9D9D55A80986}
		{A2129450-8B64-4758-973B-3FC5E201C5EB} = {D0A61829-A31F-4289-9817-03A71DEA39B5}
		{D6C8DE31-FD86-4E35-AC10-5AF614205E29} = {A2129450-8B64-4758-973B-3FC5E201C5EB}
		{9661600F-9E2E-EC39-AFA2-64DBC15CE967} = {A2129450-8B64-4758-973B-3FC5E201C5EB}
		{16E81C5C-2373-497E-A79F-F8290361B974} = {FB959134-6D0E-4FBA-BDB0-BB38E4688B06}
		{8656B678-9598-493E-BC56-6DB7BC22237E} = {16E81C5C-2373-497E-A79F-F8290361B974}
		{4E066AFA-4D39-40E8-9C02-0CFE02E1355B} = {FB959134-6D0E-4FBA-BDB0-BB38E4688B06}
		{B0C69A01-6718-4B9D-B9E1-410E8B14C52B} = {4E066AFA-4D39-40E8-9C02-0CFE02E1355B}
		{A6397A64-9AEA-C976-C282-F05046F2AA1C} = {4E066AFA-4D39-40E8-9C02-0CFE02E1355B}
		{5E3B3215-1C82-448C-9BD2-1CF523E61564} = {1289A28E-87DD-4285-9FFF-81D4B7611A34}
		{430FE6F0-3166-49BF-AEE9-FD491AC77422} = {5E3B3215-1C82-448C-9BD2-1CF523E61564}
		{B388590F-C233-4763-95C8-CA258816D1E2} = {1289A28E-87DD-4285-9FFF-81D4B7611A34}
		{C4C6B7AA-B7E2-47DD-AFF6-B9578904403F} = {B388590F-C233-4763-95C8-CA258816D1E2}
		{7A8FDE1C-D962-4A62-851A-6AD4E9BCEDB0} = {1289A28E-87DD-4285-9FFF-81D4B7611A34}
		{8107D2D5-2972-4690-92F3-44772F6976B4} = {7A8FDE1C-D962-4A62-851A-6AD4E9BCEDB0}
		{A3ACA33D-6226-7668-2993-2FC9EA8C783B} = {7A8FDE1C-D962-4A62-851A-6AD4E9BCEDB0}
		{D10D9C10-3B43-48C3-B700-21F4A5279DAE} = {7A8FDE1C-D962-4A62-851A-6AD4E9BCEDB0}
		{BE64DEBF-A7AE-4CC3-918A-29D2CFC30288} = {78EE358E-26C6-424A-BD0A-C3EB1FDF36C3}
		{4930B1B2-DBF9-4D85-B799-7F8915E81F84} = {BE64DEBF-A7AE-4CC3-918A-29D2CFC30288}
		{F1EED93B-E663-4E74-8162-713452B61FFB} = {78EE358E-26C6-424A-BD0A-C3EB1FDF36C3}
		{3C3007BD-8679-4477-B17F-E1185DB105D1} = {F1EED93B-E663-4E74-8162-713452B61FFB}
	EndGlobalSection
	GlobalSection(ExtensibilityGlobals) = postSolution
		SolutionGuid = {8A14BBFF-2600-471D-B4BD-EAA25071D1A5}
	EndGlobalSection
EndGlobal
